
Microsoft Visual Studio Solution File, Format Version 12.00
# Visual Studio Version 17
VisualStudioVersion = 17.2.32630.192
MinimumVisualStudioVersion = 10.0.40219.1
Project("{9A19103F-16F7-4668-BE54-9A1E7A4F7556}") = "HotelListingApi", "HotelListingApi\HotelListingApi.csproj", "{EFBA5628-2381-48F0-BA13-D4B1E7EFD167}"
EndProject
Project("{FAE04EC0-301F-11D3-BF4B-00C04F79EFBC}") = "HotelListingApi.Data", "HotelListingApi.Data\HotelListingApi.Data.csproj", "{D40C60BC-989B-4AE1-978A-169440E40EC7}"
EndProject
Project("{FAE04EC0-301F-11D3-BF4B-00C04F79EFBC}") = "HotelListingApi.Core", "HotelListingApi.Core\HotelListingApi.Core.csproj", "{6525C773-7C7E-4352-A5E1-252B3846672F}"
EndProject
Global
	GlobalSection(SolutionConfigurationPlatforms) = preSolution
		Debug|Any CPU = Debug|Any CPU
		Release|Any CPU = Release|Any CPU
	EndGlobalSection
	GlobalSection(ProjectConfigurationPlatforms) = postSolution
		{EFBA5628-2381-48F0-BA13-D4B1E7EFD167}.Debug|Any CPU.ActiveCfg = Debug|Any CPU
		{EFBA5628-2381-48F0-BA13-D4B1E7EFD167}.Debug|Any CPU.Build.0 = Debug|Any CPU
		{EFBA5628-2381-48F0-BA13-D4B1E7EFD167}.Release|Any CPU.ActiveCfg = Release|Any CPU
		{EFBA5628-2381-48F0-BA13-D4B1E7EFD167}.Release|Any CPU.Build.0 = Release|Any CPU
		{D40C60BC-989B-4AE1-978A-169440E40EC7}.Debug|Any CPU.ActiveCfg = Debug|Any CPU
		{D40C60BC-989B-4AE1-978A-169440E40EC7}.Debug|Any CPU.Build.0 = Debug|Any CPU
		{D40C60BC-989B-4AE1-978A-169440E40EC7}.Release|Any CPU.ActiveCfg = Release|Any CPU
		{D40C60BC-989B-4AE1-978A-169440E40EC7}.Release|Any CPU.Build.0 = Release|Any CPU
		{6525C773-7C7E-4352-A5E1-252B3846672F}.Debug|Any CPU.ActiveCfg = Debug|Any CPU
		{6525C773-7C7E-4352-A5E1-252B3846672F}.Debug|Any CPU.Build.0 = Debug|Any CPU
		{6525C773-7C7E-4352-A5E1-252B3846672F}.Release|Any CPU.ActiveCfg = Release|Any CPU
		{6525C773-7C7E-4352-A5E1-252B3846672F}.Release|Any CPU.Build.0 = Release|Any CPU
	EndGlobalSection
	GlobalSection(SolutionProperties) = preSolution
		HideSolutionNode = FALSE
	EndGlobalSection
	GlobalSection(ExtensibilityGlobals) = postSolution
		SolutionGuid = {B10DD82D-E018-4709-9145-741E66251C8B}
	EndGlobalSection
EndGlobal
